
Microsoft Visual Studio Solution File, Format Version 12.00
# Visual Studio Version 17
VisualStudioVersion = 17.9.34622.214
MinimumVisualStudioVersion = 10.0.40219.1
Project("{FAE04EC0-301F-11D3-BF4B-00C04F79EFBC}") = "EksamensProjekt", "EksamensProjekt.csproj", "{DB3D9C45-AAC7-4B44-A046-5EB6AEA5647E}"
EndProject
Global
	GlobalSection(SolutionConfigurationPlatforms) = preSolution
		Debug|Any CPU = Debug|Any CPU
		Release|Any CPU = Release|Any CPU
	EndGlobalSection
	GlobalSection(ProjectConfigurationPlatforms) = postSolution
		{DB3D9C45-AAC7-4B44-A046-5EB6AEA5647E}.Debug|Any CPU.ActiveCfg = Debug|Any CPU
		{DB3D9C45-AAC7-4B44-A046-5EB6AEA5647E}.Debug|Any CPU.Build.0 = Debug|Any CPU
		{DB3D9C45-AAC7-4B44-A046-5EB6AEA5647E}.Release|Any CPU.ActiveCfg = Release|Any CPU
		{DB3D9C45-AAC7-4B44-A046-5EB6AEA5647E}.Release|Any CPU.Build.0 = Release|Any CPU
	EndGlobalSection
	GlobalSection(SolutionProperties) = preSolution
		HideSolutionNode = FALSE
	EndGlobalSection
	GlobalSection(ExtensibilityGlobals) = postSolution
		SolutionGuid = {C9729DB9-109C-4B69-8B84-C6C8AA88B48E}
	EndGlobalSection
EndGlobal
